
Microsoft Visual Studio Solution File, Format Version 12.00
# Visual Studio Version 17
VisualStudioVersion = 17.5.33502.453
MinimumVisualStudioVersion = 10.0.40219.1
Project("{FAE04EC0-301F-11D3-BF4B-00C04F79EFBC}") = "ConsumidorPacote", "ConsumidorPacote\ConsumidorPacote.csproj", "{BD822E15-E13C-4563-8282-95344FDB658B}"
EndProject
Global
	GlobalSection(SolutionConfigurationPlatforms) = preSolution
		Debug|Any CPU = Debug|Any CPU
		Release|Any CPU = Release|Any CPU
	EndGlobalSection
	GlobalSection(ProjectConfigurationPlatforms) = postSolution
		{BD822E15-E13C-4563-8282-95344FDB658B}.Debug|Any CPU.ActiveCfg = Debug|Any CPU
		{BD822E15-E13C-4563-8282-95344FDB658B}.Debug|Any CPU.Build.0 = Debug|Any CPU
		{BD822E15-E13C-4563-8282-95344FDB658B}.Release|Any CPU.ActiveCfg = Release|Any CPU
		{BD822E15-E13C-4563-8282-95344FDB658B}.Release|Any CPU.Build.0 = Release|Any CPU
	EndGlobalSection
	GlobalSection(SolutionProperties) = preSolution
		HideSolutionNode = FALSE
	EndGlobalSection
	GlobalSection(ExtensibilityGlobals) = postSolution
		SolutionGuid = {0D3A7F02-36CD-401C-8BEC-3F69614578FA}
	EndGlobalSection
EndGlobal
